// !$*UTF8*$!
{
	archiveVersion = 1;
	classes = {
	};
	objectVersion = 56;
	objects = {

/* Begin PBXBuildFile section */
		D802855028958DDB00565FA3 /* CLLocationCoordinate2D.swift in Sources */ = {isa = PBXBuildFile; fileRef = D802854F28958DDB00565FA3 /* CLLocationCoordinate2D.swift */; };
		D804A87D28A02918002CD7BD /* AboutView.swift in Sources */ = {isa = PBXBuildFile; fileRef = D804A87C28A02918002CD7BD /* AboutView.swift */; };
		D804A87F28A04DF8002CD7BD /* swift-soup-license in Resources */ = {isa = PBXBuildFile; fileRef = D804A87E28A04DF8002CD7BD /* swift-soup-license */; };
		D804A88128A05017002CD7BD /* hash-rainbow-license in Resources */ = {isa = PBXBuildFile; fileRef = D804A88028A05017002CD7BD /* hash-rainbow-license */; };
		D804A88328A05CBA002CD7BD /* interact-license in Resources */ = {isa = PBXBuildFile; fileRef = D804A88228A05CBA002CD7BD /* interact-license */; };
		D808A93D28967F3E00586A2B /* TagList.swift in Sources */ = {isa = PBXBuildFile; fileRef = D808A93C28967F3E00586A2B /* TagList.swift */; };
		D80CD4CB28971ABB0051B8FC /* HashRainbow in Frameworks */ = {isa = PBXBuildFile; productRef = D80CD4CA28971ABB0051B8FC /* HashRainbow */; };
		D8202D242893D2C400C0D319 /* PlaceList.swift in Sources */ = {isa = PBXBuildFile; fileRef = D8202D232893D2C400C0D319 /* PlaceList.swift */; };
		D8202D262893D32C00C0D319 /* PlaceForm.swift in Sources */ = {isa = PBXBuildFile; fileRef = D8202D252893D32C00C0D319 /* PlaceForm.swift */; };
		D8202D282893D36900C0D319 /* Model.swift in Sources */ = {isa = PBXBuildFile; fileRef = D8202D272893D36900C0D319 /* Model.swift */; };
		D8202D2A2893D42500C0D319 /* MapView.swift in Sources */ = {isa = PBXBuildFile; fileRef = D8202D292893D42500C0D319 /* MapView.swift */; };
		D8202D2C2893D45800C0D319 /* Location.swift in Sources */ = {isa = PBXBuildFile; fileRef = D8202D2B2893D45800C0D319 /* Location.swift */; };
		D8202D2E2893D4B100C0D319 /* Place.swift in Sources */ = {isa = PBXBuildFile; fileRef = D8202D2D2893D4B100C0D319 /* Place.swift */; };
		D82A94FF2896897900085E03 /* String.swift in Sources */ = {isa = PBXBuildFile; fileRef = D82A94FE2896897900085E03 /* String.swift */; };
		D82A95032896A05000085E03 /* SwiftSoup in Frameworks */ = {isa = PBXBuildFile; productRef = D82A95022896A05000085E03 /* SwiftSoup */; };
		D84C6EED289BE79D00D89969 /* Fetcher.swift in Sources */ = {isa = PBXBuildFile; fileRef = D84C6EEC289BE79D00D89969 /* Fetcher.swift */; };
		D85BE7FC2891354F0099C2FE /* LocateApp.swift in Sources */ = {isa = PBXBuildFile; fileRef = D85BE7FB2891354F0099C2FE /* LocateApp.swift */; };
		D85BE7FE2891354F0099C2FE /* ContentView.swift in Sources */ = {isa = PBXBuildFile; fileRef = D85BE7FD2891354F0099C2FE /* ContentView.swift */; };
		D85BE800289135550099C2FE /* Assets.xcassets in Resources */ = {isa = PBXBuildFile; fileRef = D85BE7FF289135550099C2FE /* Assets.xcassets */; };
		D85BE803289135550099C2FE /* Preview Assets.xcassets in Resources */ = {isa = PBXBuildFile; fileRef = D85BE802289135550099C2FE /* Preview Assets.xcassets */; };
		D85BE80E289135550099C2FE /* LocateTests.swift in Sources */ = {isa = PBXBuildFile; fileRef = D85BE80D289135550099C2FE /* LocateTests.swift */; };
		D85BE818289135550099C2FE /* LocateUITests.swift in Sources */ = {isa = PBXBuildFile; fileRef = D85BE817289135550099C2FE /* LocateUITests.swift */; };
		D85BE81A289135550099C2FE /* LocateUITestsLaunchTests.swift in Sources */ = {isa = PBXBuildFile; fileRef = D85BE819289135550099C2FE /* LocateUITestsLaunchTests.swift */; };
		D874741D28A6A5CF00B97E1E /* Hyperlink.swift in Sources */ = {isa = PBXBuildFile; fileRef = D874741C28A6A5CF00B97E1E /* Hyperlink.swift */; };
		D874742328A6A66500B97E1E /* AboutSection.swift in Sources */ = {isa = PBXBuildFile; fileRef = D874742228A6A66500B97E1E /* AboutSection.swift */; };
		D874742528A6A6AD00B97E1E /* AboutCommands.swift in Sources */ = {isa = PBXBuildFile; fileRef = D874742428A6A6AD00B97E1E /* AboutCommands.swift */; };
		D874742D28A6A77700B97E1E /* About.swift in Sources */ = {isa = PBXBuildFile; fileRef = D874742C28A6A77700B97E1E /* About.swift */; };
		D874742F28A6A7AE00B97E1E /* LicenseWindows.swift in Sources */ = {isa = PBXBuildFile; fileRef = D874742E28A6A7AE00B97E1E /* LicenseWindows.swift */; };
		D874743228A6A7DF00B97E1E /* AboutWindow.swift in Sources */ = {isa = PBXBuildFile; fileRef = D874743128A6A7DF00B97E1E /* AboutWindow.swift */; };
		D874743428A6A81C00B97E1E /* LicenseContent.swift in Sources */ = {isa = PBXBuildFile; fileRef = D874743328A6A81C00B97E1E /* LicenseContent.swift */; };
		D874743828A6AA7400B97E1E /* MacIcon.swift in Sources */ = {isa = PBXBuildFile; fileRef = D874743728A6AA7400B97E1E /* MacIcon.swift */; };
		D8A06308289DAE13006A8904 /* Color.swift in Sources */ = {isa = PBXBuildFile; fileRef = D8A06307289DAE13006A8904 /* Color.swift */; };
		D8A0630B289DB1FB006A8904 /* OptionalTapGesture.swift in Sources */ = {isa = PBXBuildFile; fileRef = D8A0630A289DB1FB006A8904 /* OptionalTapGesture.swift */; };
		D8A0630E289E0A21006A8904 /* SelectionToolbar.swift in Sources */ = {isa = PBXBuildFile; fileRef = D8A0630D289E0A21006A8904 /* SelectionToolbar.swift */; };
		D8A06310289E0A82006A8904 /* MapToolbar.swift in Sources */ = {isa = PBXBuildFile; fileRef = D8A0630F289E0A82006A8904 /* MapToolbar.swift */; };
		D8A06312289E0BEF006A8904 /* ItemToolbar.swift in Sources */ = {isa = PBXBuildFile; fileRef = D8A06311289E0BEF006A8904 /* ItemToolbar.swift */; };
		D8A06315289E216A006A8904 /* ItemCommands.swift in Sources */ = {isa = PBXBuildFile; fileRef = D8A06314289E216A006A8904 /* ItemCommands.swift */; };
		D8A06317289E2196006A8904 /* SelectionCommands.swift in Sources */ = {isa = PBXBuildFile; fileRef = D8A06316289E2196006A8904 /* SelectionCommands.swift */; };
		D8A06319289E2404006A8904 /* Selection.swift in Sources */ = {isa = PBXBuildFile; fileRef = D8A06318289E2404006A8904 /* Selection.swift */; };
		D8A0631B289FCD23006A8904 /* SearchCommands.swift in Sources */ = {isa = PBXBuildFile; fileRef = D8A0631A289FCD22006A8904 /* SearchCommands.swift */; };
		D8A06320289FFE2D006A8904 /* Interact in Frameworks */ = {isa = PBXBuildFile; productRef = D8A0631F289FFE2D006A8904 /* Interact */; };
		D8A0632328A001D4006A8904 /* Diligence in Frameworks */ = {isa = PBXBuildFile; productRef = D8A0632228A001D4006A8904 /* Diligence */; };
		D8A0632628A00C8A006A8904 /* diligence-license in Resources */ = {isa = PBXBuildFile; fileRef = D8A0632528A00C8A006A8904 /* diligence-license */; };
		D8A154BC2895534C00E1E037 /* WebView.swift in Sources */ = {isa = PBXBuildFile; fileRef = D8A154BB2895534C00E1E037 /* WebView.swift */; };
/* End PBXBuildFile section */

/* Begin PBXContainerItemProxy section */
		D85BE80A289135550099C2FE /* PBXContainerItemProxy */ = {
			isa = PBXContainerItemProxy;
			containerPortal = D85BE7F02891354F0099C2FE /* Project object */;
			proxyType = 1;
			remoteGlobalIDString = D85BE7F72891354F0099C2FE;
			remoteInfo = Geolocate;
		};
		D85BE814289135550099C2FE /* PBXContainerItemProxy */ = {
			isa = PBXContainerItemProxy;
			containerPortal = D85BE7F02891354F0099C2FE /* Project object */;
			proxyType = 1;
			remoteGlobalIDString = D85BE7F72891354F0099C2FE;
			remoteInfo = Geolocate;
		};
/* End PBXContainerItemProxy section */

/* Begin PBXFileReference section */
		D802854F28958DDB00565FA3 /* CLLocationCoordinate2D.swift */ = {isa = PBXFileReference; lastKnownFileType = sourcecode.swift; path = CLLocationCoordinate2D.swift; sourceTree = "<group>"; };
		D804A87C28A02918002CD7BD /* AboutView.swift */ = {isa = PBXFileReference; lastKnownFileType = sourcecode.swift; path = AboutView.swift; sourceTree = "<group>"; };
		D804A87E28A04DF8002CD7BD /* swift-soup-license */ = {isa = PBXFileReference; lastKnownFileType = text; path = "swift-soup-license"; sourceTree = "<group>"; };
		D804A88028A05017002CD7BD /* hash-rainbow-license */ = {isa = PBXFileReference; lastKnownFileType = text; path = "hash-rainbow-license"; sourceTree = "<group>"; };
		D804A88228A05CBA002CD7BD /* interact-license */ = {isa = PBXFileReference; lastKnownFileType = text; path = "interact-license"; sourceTree = "<group>"; };
		D808A93C28967F3E00586A2B /* TagList.swift */ = {isa = PBXFileReference; lastKnownFileType = sourcecode.swift; path = TagList.swift; sourceTree = "<group>"; };
		D8202D232893D2C400C0D319 /* PlaceList.swift */ = {isa = PBXFileReference; lastKnownFileType = sourcecode.swift; path = PlaceList.swift; sourceTree = "<group>"; };
		D8202D252893D32C00C0D319 /* PlaceForm.swift */ = {isa = PBXFileReference; lastKnownFileType = sourcecode.swift; path = PlaceForm.swift; sourceTree = "<group>"; };
		D8202D272893D36900C0D319 /* Model.swift */ = {isa = PBXFileReference; lastKnownFileType = sourcecode.swift; path = Model.swift; sourceTree = "<group>"; };
		D8202D292893D42500C0D319 /* MapView.swift */ = {isa = PBXFileReference; lastKnownFileType = sourcecode.swift; path = MapView.swift; sourceTree = "<group>"; };
		D8202D2B2893D45800C0D319 /* Location.swift */ = {isa = PBXFileReference; lastKnownFileType = sourcecode.swift; path = Location.swift; sourceTree = "<group>"; };
		D8202D2D2893D4B100C0D319 /* Place.swift */ = {isa = PBXFileReference; lastKnownFileType = sourcecode.swift; path = Place.swift; sourceTree = "<group>"; };
		D8202D2F2893E2B100C0D319 /* Locate-Info.plist */ = {isa = PBXFileReference; lastKnownFileType = text.plist; path = "Locate-Info.plist"; sourceTree = "<group>"; };
		D82A94FE2896897900085E03 /* String.swift */ = {isa = PBXFileReference; lastKnownFileType = sourcecode.swift; path = String.swift; sourceTree = "<group>"; };
		D84C6EEC289BE79D00D89969 /* Fetcher.swift */ = {isa = PBXFileReference; lastKnownFileType = sourcecode.swift; path = Fetcher.swift; sourceTree = "<group>"; };
		D85BE7F82891354F0099C2FE /* Locate.app */ = {isa = PBXFileReference; explicitFileType = wrapper.application; includeInIndex = 0; path = Locate.app; sourceTree = BUILT_PRODUCTS_DIR; };
		D85BE7FB2891354F0099C2FE /* LocateApp.swift */ = {isa = PBXFileReference; lastKnownFileType = sourcecode.swift; path = LocateApp.swift; sourceTree = "<group>"; };
		D85BE7FD2891354F0099C2FE /* ContentView.swift */ = {isa = PBXFileReference; lastKnownFileType = sourcecode.swift; path = ContentView.swift; sourceTree = "<group>"; };
		D85BE7FF289135550099C2FE /* Assets.xcassets */ = {isa = PBXFileReference; lastKnownFileType = folder.assetcatalog; path = Assets.xcassets; sourceTree = "<group>"; };
		D85BE802289135550099C2FE /* Preview Assets.xcassets */ = {isa = PBXFileReference; lastKnownFileType = folder.assetcatalog; path = "Preview Assets.xcassets"; sourceTree = "<group>"; };
		D85BE804289135550099C2FE /* Locate.entitlements */ = {isa = PBXFileReference; lastKnownFileType = text.plist.entitlements; path = Locate.entitlements; sourceTree = "<group>"; };
		D85BE809289135550099C2FE /* LocateTests.xctest */ = {isa = PBXFileReference; explicitFileType = wrapper.cfbundle; includeInIndex = 0; path = LocateTests.xctest; sourceTree = BUILT_PRODUCTS_DIR; };
		D85BE80D289135550099C2FE /* LocateTests.swift */ = {isa = PBXFileReference; lastKnownFileType = sourcecode.swift; path = LocateTests.swift; sourceTree = "<group>"; };
		D85BE813289135550099C2FE /* LocateUITests.xctest */ = {isa = PBXFileReference; explicitFileType = wrapper.cfbundle; includeInIndex = 0; path = LocateUITests.xctest; sourceTree = BUILT_PRODUCTS_DIR; };
		D85BE817289135550099C2FE /* LocateUITests.swift */ = {isa = PBXFileReference; lastKnownFileType = sourcecode.swift; path = LocateUITests.swift; sourceTree = "<group>"; };
		D85BE819289135550099C2FE /* LocateUITestsLaunchTests.swift */ = {isa = PBXFileReference; lastKnownFileType = sourcecode.swift; path = LocateUITestsLaunchTests.swift; sourceTree = "<group>"; };
		D874741C28A6A5CF00B97E1E /* Hyperlink.swift */ = {isa = PBXFileReference; fileEncoding = 4; lastKnownFileType = sourcecode.swift; path = Hyperlink.swift; sourceTree = "<group>"; };
		D874742228A6A66500B97E1E /* AboutSection.swift */ = {isa = PBXFileReference; lastKnownFileType = sourcecode.swift; path = AboutSection.swift; sourceTree = "<group>"; };
		D874742428A6A6AD00B97E1E /* AboutCommands.swift */ = {isa = PBXFileReference; lastKnownFileType = sourcecode.swift; path = AboutCommands.swift; sourceTree = "<group>"; };
		D874742C28A6A77700B97E1E /* About.swift */ = {isa = PBXFileReference; lastKnownFileType = sourcecode.swift; path = About.swift; sourceTree = "<group>"; };
		D874742E28A6A7AE00B97E1E /* LicenseWindows.swift */ = {isa = PBXFileReference; lastKnownFileType = sourcecode.swift; path = LicenseWindows.swift; sourceTree = "<group>"; };
		D874743128A6A7DF00B97E1E /* AboutWindow.swift */ = {isa = PBXFileReference; lastKnownFileType = sourcecode.swift; path = AboutWindow.swift; sourceTree = "<group>"; };
		D874743328A6A81C00B97E1E /* LicenseContent.swift */ = {isa = PBXFileReference; lastKnownFileType = sourcecode.swift; path = LicenseContent.swift; sourceTree = "<group>"; };
		D874743728A6AA7400B97E1E /* MacIcon.swift */ = {isa = PBXFileReference; lastKnownFileType = sourcecode.swift; path = MacIcon.swift; sourceTree = "<group>"; };
		D8A06307289DAE13006A8904 /* Color.swift */ = {isa = PBXFileReference; lastKnownFileType = sourcecode.swift; path = Color.swift; sourceTree = "<group>"; };
		D8A0630A289DB1FB006A8904 /* OptionalTapGesture.swift */ = {isa = PBXFileReference; lastKnownFileType = sourcecode.swift; path = OptionalTapGesture.swift; sourceTree = "<group>"; };
		D8A0630D289E0A21006A8904 /* SelectionToolbar.swift */ = {isa = PBXFileReference; lastKnownFileType = sourcecode.swift; path = SelectionToolbar.swift; sourceTree = "<group>"; };
		D8A0630F289E0A82006A8904 /* MapToolbar.swift */ = {isa = PBXFileReference; lastKnownFileType = sourcecode.swift; path = MapToolbar.swift; sourceTree = "<group>"; };
		D8A06311289E0BEF006A8904 /* ItemToolbar.swift */ = {isa = PBXFileReference; lastKnownFileType = sourcecode.swift; path = ItemToolbar.swift; sourceTree = "<group>"; };
		D8A06314289E216A006A8904 /* ItemCommands.swift */ = {isa = PBXFileReference; lastKnownFileType = sourcecode.swift; path = ItemCommands.swift; sourceTree = "<group>"; };
		D8A06316289E2196006A8904 /* SelectionCommands.swift */ = {isa = PBXFileReference; lastKnownFileType = sourcecode.swift; path = SelectionCommands.swift; sourceTree = "<group>"; };
		D8A06318289E2404006A8904 /* Selection.swift */ = {isa = PBXFileReference; lastKnownFileType = sourcecode.swift; path = Selection.swift; sourceTree = "<group>"; };
		D8A0631A289FCD22006A8904 /* SearchCommands.swift */ = {isa = PBXFileReference; lastKnownFileType = sourcecode.swift; path = SearchCommands.swift; sourceTree = "<group>"; };
		D8A0631D289FFDF0006A8904 /* interact */ = {isa = PBXFileReference; lastKnownFileType = wrapper; path = interact; sourceTree = "<group>"; };
		D8A06321289FFEE5006A8904 /* diligence */ = {isa = PBXFileReference; lastKnownFileType = wrapper; path = diligence; sourceTree = "<group>"; };
		D8A0632528A00C8A006A8904 /* diligence-license */ = {isa = PBXFileReference; lastKnownFileType = text; path = "diligence-license"; sourceTree = "<group>"; };
		D8A154BB2895534C00E1E037 /* WebView.swift */ = {isa = PBXFileReference; lastKnownFileType = sourcecode.swift; path = WebView.swift; sourceTree = "<group>"; };
/* End PBXFileReference section */

/* Begin PBXFrameworksBuildPhase section */
		D85BE7F52891354F0099C2FE /* Frameworks */ = {
			isa = PBXFrameworksBuildPhase;
			buildActionMask = 2147483647;
			files = (
				D80CD4CB28971ABB0051B8FC /* HashRainbow in Frameworks */,
				D8A0632328A001D4006A8904 /* Diligence in Frameworks */,
				D82A95032896A05000085E03 /* SwiftSoup in Frameworks */,
				D8A06320289FFE2D006A8904 /* Interact in Frameworks */,
			);
			runOnlyForDeploymentPostprocessing = 0;
		};
		D85BE806289135550099C2FE /* Frameworks */ = {
			isa = PBXFrameworksBuildPhase;
			buildActionMask = 2147483647;
			files = (
			);
			runOnlyForDeploymentPostprocessing = 0;
		};
		D85BE810289135550099C2FE /* Frameworks */ = {
			isa = PBXFrameworksBuildPhase;
			buildActionMask = 2147483647;
			files = (
			);
			runOnlyForDeploymentPostprocessing = 0;
		};
/* End PBXFrameworksBuildPhase section */

/* Begin PBXGroup section */
		D802854E28958DD000565FA3 /* Extensions */ = {
			isa = PBXGroup;
			children = (
				D802854F28958DDB00565FA3 /* CLLocationCoordinate2D.swift */,
				D8A06307289DAE13006A8904 /* Color.swift */,
				D82A94FE2896897900085E03 /* String.swift */,
			);
			path = Extensions;
			sourceTree = "<group>";
		};
		D84C6EEB289BE78D00D89969 /* Utilities */ = {
			isa = PBXGroup;
			children = (
				D84C6EEC289BE79D00D89969 /* Fetcher.swift */,
			);
			path = Utilities;
			sourceTree = "<group>";
		};
		D85BE7EF2891354F0099C2FE = {
			isa = PBXGroup;
			children = (
				D8A0631C289FFDF0006A8904 /* Packages */,
				D8202D2F2893E2B100C0D319 /* Locate-Info.plist */,
				D85BE7FA2891354F0099C2FE /* Locate */,
				D85BE80C289135550099C2FE /* LocateTests */,
				D85BE816289135550099C2FE /* LocateUITests */,
				D85BE7F92891354F0099C2FE /* Products */,
				D8A0631E289FFE2D006A8904 /* Frameworks */,
			);
			sourceTree = "<group>";
		};
		D85BE7F92891354F0099C2FE /* Products */ = {
			isa = PBXGroup;
			children = (
				D85BE7F82891354F0099C2FE /* Locate.app */,
				D85BE809289135550099C2FE /* LocateTests.xctest */,
				D85BE813289135550099C2FE /* LocateUITests.xctest */,
			);
			name = Products;
			sourceTree = "<group>";
		};
		D85BE7FA2891354F0099C2FE /* Locate */ = {
			isa = PBXGroup;
			children = (
				D85BE804289135550099C2FE /* Locate.entitlements */,
				D85BE7FB2891354F0099C2FE /* LocateApp.swift */,
				D85BE7FF289135550099C2FE /* Assets.xcassets */,
				D8A06313289E2148006A8904 /* Commands */,
				D802854E28958DD000565FA3 /* Extensions */,
				D8A0632428A00C6E006A8904 /* Licenses */,
				D894DA6A2896594100A4C6A0 /* Model */,
				D85BE801289135550099C2FE /* Preview Content */,
				D874742B28A6A76800B97E1E /* Scenes */,
				D8A0630C289E0A09006A8904 /* Toolbars */,
				D84C6EEB289BE78D00D89969 /* Utilities */,
				D8A06309289DB1E6006A8904 /* View Modifiers */,
				D894DA692896591800A4C6A0 /* Views */,
			);
			path = Locate;
			sourceTree = "<group>";
		};
		D85BE801289135550099C2FE /* Preview Content */ = {
			isa = PBXGroup;
			children = (
				D85BE802289135550099C2FE /* Preview Assets.xcassets */,
			);
			path = "Preview Content";
			sourceTree = "<group>";
		};
		D85BE80C289135550099C2FE /* LocateTests */ = {
			isa = PBXGroup;
			children = (
				D85BE80D289135550099C2FE /* LocateTests.swift */,
			);
			path = LocateTests;
			sourceTree = "<group>";
		};
		D85BE816289135550099C2FE /* LocateUITests */ = {
			isa = PBXGroup;
			children = (
				D85BE817289135550099C2FE /* LocateUITests.swift */,
				D85BE819289135550099C2FE /* LocateUITestsLaunchTests.swift */,
			);
			path = LocateUITests;
			sourceTree = "<group>";
		};
		D874742B28A6A76800B97E1E /* Scenes */ = {
			isa = PBXGroup;
			children = (
				D874742C28A6A77700B97E1E /* About.swift */,
				D874743128A6A7DF00B97E1E /* AboutWindow.swift */,
				D874742E28A6A7AE00B97E1E /* LicenseWindows.swift */,
			);
			path = Scenes;
			sourceTree = "<group>";
		};
		D894DA692896591800A4C6A0 /* Views */ = {
			isa = PBXGroup;
			children = (
				D874742228A6A66500B97E1E /* AboutSection.swift */,
				D804A87C28A02918002CD7BD /* AboutView.swift */,
				D85BE7FD2891354F0099C2FE /* ContentView.swift */,
				D874743328A6A81C00B97E1E /* LicenseContent.swift */,
				D8202D292893D42500C0D319 /* MapView.swift */,
				D8202D252893D32C00C0D319 /* PlaceForm.swift */,
				D8202D232893D2C400C0D319 /* PlaceList.swift */,
				D808A93C28967F3E00586A2B /* TagList.swift */,
				D8A154BB2895534C00E1E037 /* WebView.swift */,
				D874743728A6AA7400B97E1E /* MacIcon.swift */,
			);
			path = Views;
			sourceTree = "<group>";
		};
		D894DA6A2896594100A4C6A0 /* Model */ = {
			isa = PBXGroup;
			children = (
				D8202D2B2893D45800C0D319 /* Location.swift */,
				D8202D272893D36900C0D319 /* Model.swift */,
				D8202D2D2893D4B100C0D319 /* Place.swift */,
				D8A06318289E2404006A8904 /* Selection.swift */,
			);
			path = Model;
			sourceTree = "<group>";
		};
		D8A06309289DB1E6006A8904 /* View Modifiers */ = {
			isa = PBXGroup;
			children = (
				D874741C28A6A5CF00B97E1E /* Hyperlink.swift */,
				D8A0630A289DB1FB006A8904 /* OptionalTapGesture.swift */,
			);
			path = "View Modifiers";
			sourceTree = "<group>";
		};
		D8A0630C289E0A09006A8904 /* Toolbars */ = {
			isa = PBXGroup;
			children = (
				D8A06311289E0BEF006A8904 /* ItemToolbar.swift */,
				D8A0630F289E0A82006A8904 /* MapToolbar.swift */,
				D8A0630D289E0A21006A8904 /* SelectionToolbar.swift */,
			);
			path = Toolbars;
			sourceTree = "<group>";
		};
		D8A06313289E2148006A8904 /* Commands */ = {
			isa = PBXGroup;
			children = (
				D874742428A6A6AD00B97E1E /* AboutCommands.swift */,
				D8A06314289E216A006A8904 /* ItemCommands.swift */,
				D8A0631A289FCD22006A8904 /* SearchCommands.swift */,
				D8A06316289E2196006A8904 /* SelectionCommands.swift */,
			);
			path = Commands;
			sourceTree = "<group>";
		};
		D8A0631C289FFDF0006A8904 /* Packages */ = {
			isa = PBXGroup;
			children = (
				D8A0631D289FFDF0006A8904 /* interact */,
				D8A06321289FFEE5006A8904 /* diligence */,
			);
			name = Packages;
			sourceTree = "<group>";
		};
		D8A0631E289FFE2D006A8904 /* Frameworks */ = {
			isa = PBXGroup;
			children = (
			);
			name = Frameworks;
			sourceTree = "<group>";
		};
		D8A0632428A00C6E006A8904 /* Licenses */ = {
			isa = PBXGroup;
			children = (
				D8A0632528A00C8A006A8904 /* diligence-license */,
				D804A88028A05017002CD7BD /* hash-rainbow-license */,
				D804A88228A05CBA002CD7BD /* interact-license */,
				D804A87E28A04DF8002CD7BD /* swift-soup-license */,
			);
			path = Licenses;
			sourceTree = "<group>";
		};
/* End PBXGroup section */

/* Begin PBXNativeTarget section */
		D85BE7F72891354F0099C2FE /* Locate */ = {
			isa = PBXNativeTarget;
			buildConfigurationList = D85BE81D289135550099C2FE /* Build configuration list for PBXNativeTarget "Locate" */;
			buildPhases = (
				D85BE7F42891354F0099C2FE /* Sources */,
				D85BE7F52891354F0099C2FE /* Frameworks */,
				D85BE7F62891354F0099C2FE /* Resources */,
			);
			buildRules = (
			);
			dependencies = (
			);
			name = Locate;
			packageProductDependencies = (
				D82A95022896A05000085E03 /* SwiftSoup */,
				D80CD4CA28971ABB0051B8FC /* HashRainbow */,
				D8A0631F289FFE2D006A8904 /* Interact */,
				D8A0632228A001D4006A8904 /* Diligence */,
			);
			productName = Geolocate;
			productReference = D85BE7F82891354F0099C2FE /* Locate.app */;
			productType = "com.apple.product-type.application";
		};
		D85BE808289135550099C2FE /* LocateTests */ = {
			isa = PBXNativeTarget;
			buildConfigurationList = D85BE820289135550099C2FE /* Build configuration list for PBXNativeTarget "LocateTests" */;
			buildPhases = (
				D85BE805289135550099C2FE /* Sources */,
				D85BE806289135550099C2FE /* Frameworks */,
				D85BE807289135550099C2FE /* Resources */,
			);
			buildRules = (
			);
			dependencies = (
				D85BE80B289135550099C2FE /* PBXTargetDependency */,
			);
			name = LocateTests;
			productName = GeolocateTests;
			productReference = D85BE809289135550099C2FE /* LocateTests.xctest */;
			productType = "com.apple.product-type.bundle.unit-test";
		};
		D85BE812289135550099C2FE /* LocateUITests */ = {
			isa = PBXNativeTarget;
			buildConfigurationList = D85BE823289135550099C2FE /* Build configuration list for PBXNativeTarget "LocateUITests" */;
			buildPhases = (
				D85BE80F289135550099C2FE /* Sources */,
				D85BE810289135550099C2FE /* Frameworks */,
				D85BE811289135550099C2FE /* Resources */,
			);
			buildRules = (
			);
			dependencies = (
				D85BE815289135550099C2FE /* PBXTargetDependency */,
			);
			name = LocateUITests;
			productName = GeolocateUITests;
			productReference = D85BE813289135550099C2FE /* LocateUITests.xctest */;
			productType = "com.apple.product-type.bundle.ui-testing";
		};
/* End PBXNativeTarget section */

/* Begin PBXProject section */
		D85BE7F02891354F0099C2FE /* Project object */ = {
			isa = PBXProject;
			attributes = {
				BuildIndependentTargetsInParallel = 1;
				LastSwiftUpdateCheck = 1400;
				LastUpgradeCheck = 1400;
				TargetAttributes = {
					D85BE7F72891354F0099C2FE = {
						CreatedOnToolsVersion = 14.0;
					};
					D85BE808289135550099C2FE = {
						CreatedOnToolsVersion = 14.0;
						TestTargetID = D85BE7F72891354F0099C2FE;
					};
					D85BE812289135550099C2FE = {
						CreatedOnToolsVersion = 14.0;
						TestTargetID = D85BE7F72891354F0099C2FE;
					};
				};
			};
			buildConfigurationList = D85BE7F32891354F0099C2FE /* Build configuration list for PBXProject "Locate" */;
			compatibilityVersion = "Xcode 14.0";
			developmentRegion = en;
			hasScannedForEncodings = 0;
			knownRegions = (
				en,
				Base,
			);
			mainGroup = D85BE7EF2891354F0099C2FE;
			packageReferences = (
				D82A95012896A05000085E03 /* XCRemoteSwiftPackageReference "SwiftSoup" */,
				D80CD4C928971ABB0051B8FC /* XCRemoteSwiftPackageReference "HashRainbow" */,
			);
			productRefGroup = D85BE7F92891354F0099C2FE /* Products */;
			projectDirPath = "";
			projectRoot = "";
			targets = (
				D85BE7F72891354F0099C2FE /* Locate */,
				D85BE808289135550099C2FE /* LocateTests */,
				D85BE812289135550099C2FE /* LocateUITests */,
			);
		};
/* End PBXProject section */

/* Begin PBXResourcesBuildPhase section */
		D85BE7F62891354F0099C2FE /* Resources */ = {
			isa = PBXResourcesBuildPhase;
			buildActionMask = 2147483647;
			files = (
				D804A88128A05017002CD7BD /* hash-rainbow-license in Resources */,
				D85BE803289135550099C2FE /* Preview Assets.xcassets in Resources */,
				D804A88328A05CBA002CD7BD /* interact-license in Resources */,
				D8A0632628A00C8A006A8904 /* diligence-license in Resources */,
				D85BE800289135550099C2FE /* Assets.xcassets in Resources */,
				D804A87F28A04DF8002CD7BD /* swift-soup-license in Resources */,
			);
			runOnlyForDeploymentPostprocessing = 0;
		};
		D85BE807289135550099C2FE /* Resources */ = {
			isa = PBXResourcesBuildPhase;
			buildActionMask = 2147483647;
			files = (
			);
			runOnlyForDeploymentPostprocessing = 0;
		};
		D85BE811289135550099C2FE /* Resources */ = {
			isa = PBXResourcesBuildPhase;
			buildActionMask = 2147483647;
			files = (
			);
			runOnlyForDeploymentPostprocessing = 0;
		};
/* End PBXResourcesBuildPhase section */

/* Begin PBXSourcesBuildPhase section */
		D85BE7F42891354F0099C2FE /* Sources */ = {
			isa = PBXSourcesBuildPhase;
			buildActionMask = 2147483647;
			files = (
				D8A06319289E2404006A8904 /* Selection.swift in Sources */,
				D8A06312289E0BEF006A8904 /* ItemToolbar.swift in Sources */,
				D874742D28A6A77700B97E1E /* About.swift in Sources */,
				D874742528A6A6AD00B97E1E /* AboutCommands.swift in Sources */,
				D8202D282893D36900C0D319 /* Model.swift in Sources */,
				D82A94FF2896897900085E03 /* String.swift in Sources */,
				D8202D2A2893D42500C0D319 /* MapView.swift in Sources */,
				D8202D262893D32C00C0D319 /* PlaceForm.swift in Sources */,
				D8A06310289E0A82006A8904 /* MapToolbar.swift in Sources */,
				D8A0630B289DB1FB006A8904 /* OptionalTapGesture.swift in Sources */,
				D874741D28A6A5CF00B97E1E /* Hyperlink.swift in Sources */,
				D874743828A6AA7400B97E1E /* MacIcon.swift in Sources */,
				D802855028958DDB00565FA3 /* CLLocationCoordinate2D.swift in Sources */,
				D8202D2E2893D4B100C0D319 /* Place.swift in Sources */,
				D8202D242893D2C400C0D319 /* PlaceList.swift in Sources */,
				D874743228A6A7DF00B97E1E /* AboutWindow.swift in Sources */,
				D808A93D28967F3E00586A2B /* TagList.swift in Sources */,
				D8A06315289E216A006A8904 /* ItemCommands.swift in Sources */,
				D804A87D28A02918002CD7BD /* AboutView.swift in Sources */,
				D85BE7FE2891354F0099C2FE /* ContentView.swift in Sources */,
				D8A0630E289E0A21006A8904 /* SelectionToolbar.swift in Sources */,
				D874743428A6A81C00B97E1E /* LicenseContent.swift in Sources */,
				D8A06317289E2196006A8904 /* SelectionCommands.swift in Sources */,
				D874742328A6A66500B97E1E /* AboutSection.swift in Sources */,
				D8A06308289DAE13006A8904 /* Color.swift in Sources */,
				D8A154BC2895534C00E1E037 /* WebView.swift in Sources */,
				D85BE7FC2891354F0099C2FE /* LocateApp.swift in Sources */,
				D84C6EED289BE79D00D89969 /* Fetcher.swift in Sources */,
				D874742F28A6A7AE00B97E1E /* LicenseWindows.swift in Sources */,
				D8202D2C2893D45800C0D319 /* Location.swift in Sources */,
				D8A0631B289FCD23006A8904 /* SearchCommands.swift in Sources */,
			);
			runOnlyForDeploymentPostprocessing = 0;
		};
		D85BE805289135550099C2FE /* Sources */ = {
			isa = PBXSourcesBuildPhase;
			buildActionMask = 2147483647;
			files = (
				D85BE80E289135550099C2FE /* LocateTests.swift in Sources */,
			);
			runOnlyForDeploymentPostprocessing = 0;
		};
		D85BE80F289135550099C2FE /* Sources */ = {
			isa = PBXSourcesBuildPhase;
			buildActionMask = 2147483647;
			files = (
				D85BE81A289135550099C2FE /* LocateUITestsLaunchTests.swift in Sources */,
				D85BE818289135550099C2FE /* LocateUITests.swift in Sources */,
			);
			runOnlyForDeploymentPostprocessing = 0;
		};
/* End PBXSourcesBuildPhase section */

/* Begin PBXTargetDependency section */
		D85BE80B289135550099C2FE /* PBXTargetDependency */ = {
			isa = PBXTargetDependency;
			target = D85BE7F72891354F0099C2FE /* Locate */;
			targetProxy = D85BE80A289135550099C2FE /* PBXContainerItemProxy */;
		};
		D85BE815289135550099C2FE /* PBXTargetDependency */ = {
			isa = PBXTargetDependency;
			target = D85BE7F72891354F0099C2FE /* Locate */;
			targetProxy = D85BE814289135550099C2FE /* PBXContainerItemProxy */;
		};
/* End PBXTargetDependency section */

/* Begin XCBuildConfiguration section */
		D85BE81B289135550099C2FE /* Debug */ = {
			isa = XCBuildConfiguration;
			buildSettings = {
				ALWAYS_SEARCH_USER_PATHS = NO;
				CLANG_ANALYZER_NONNULL = YES;
				CLANG_ANALYZER_NUMBER_OBJECT_CONVERSION = YES_AGGRESSIVE;
				CLANG_CXX_LANGUAGE_STANDARD = "gnu++20";
				CLANG_ENABLE_MODULES = YES;
				CLANG_ENABLE_OBJC_ARC = YES;
				CLANG_ENABLE_OBJC_WEAK = YES;
				CLANG_WARN_BLOCK_CAPTURE_AUTORELEASING = YES;
				CLANG_WARN_BOOL_CONVERSION = YES;
				CLANG_WARN_COMMA = YES;
				CLANG_WARN_CONSTANT_CONVERSION = YES;
				CLANG_WARN_DEPRECATED_OBJC_IMPLEMENTATIONS = YES;
				CLANG_WARN_DIRECT_OBJC_ISA_USAGE = YES_ERROR;
				CLANG_WARN_DOCUMENTATION_COMMENTS = YES;
				CLANG_WARN_EMPTY_BODY = YES;
				CLANG_WARN_ENUM_CONVERSION = YES;
				CLANG_WARN_INFINITE_RECURSION = YES;
				CLANG_WARN_INT_CONVERSION = YES;
				CLANG_WARN_NON_LITERAL_NULL_CONVERSION = YES;
				CLANG_WARN_OBJC_IMPLICIT_RETAIN_SELF = YES;
				CLANG_WARN_OBJC_LITERAL_CONVERSION = YES;
				CLANG_WARN_OBJC_ROOT_CLASS = YES_ERROR;
				CLANG_WARN_QUOTED_INCLUDE_IN_FRAMEWORK_HEADER = YES;
				CLANG_WARN_RANGE_LOOP_ANALYSIS = YES;
				CLANG_WARN_STRICT_PROTOTYPES = YES;
				CLANG_WARN_SUSPICIOUS_MOVE = YES;
				CLANG_WARN_UNGUARDED_AVAILABILITY = YES_AGGRESSIVE;
				CLANG_WARN_UNREACHABLE_CODE = YES;
				CLANG_WARN__DUPLICATE_METHOD_MATCH = YES;
				COPY_PHASE_STRIP = NO;
				DEBUG_INFORMATION_FORMAT = dwarf;
				ENABLE_STRICT_OBJC_MSGSEND = YES;
				ENABLE_TESTABILITY = YES;
				GCC_C_LANGUAGE_STANDARD = gnu11;
				GCC_DYNAMIC_NO_PIC = NO;
				GCC_NO_COMMON_BLOCKS = YES;
				GCC_OPTIMIZATION_LEVEL = 0;
				GCC_PREPROCESSOR_DEFINITIONS = (
					"DEBUG=1",
					"$(inherited)",
				);
				GCC_WARN_64_TO_32_BIT_CONVERSION = YES;
				GCC_WARN_ABOUT_RETURN_TYPE = YES_ERROR;
				GCC_WARN_UNDECLARED_SELECTOR = YES;
				GCC_WARN_UNINITIALIZED_AUTOS = YES_AGGRESSIVE;
				GCC_WARN_UNUSED_FUNCTION = YES;
				GCC_WARN_UNUSED_VARIABLE = YES;
				MACOSX_DEPLOYMENT_TARGET = 13.0;
				MTL_ENABLE_DEBUG_INFO = INCLUDE_SOURCE;
				MTL_FAST_MATH = YES;
				ONLY_ACTIVE_ARCH = YES;
				SDKROOT = macosx;
				SWIFT_ACTIVE_COMPILATION_CONDITIONS = DEBUG;
				SWIFT_OPTIMIZATION_LEVEL = "-Onone";
			};
			name = Debug;
		};
		D85BE81C289135550099C2FE /* Release */ = {
			isa = XCBuildConfiguration;
			buildSettings = {
				ALWAYS_SEARCH_USER_PATHS = NO;
				CLANG_ANALYZER_NONNULL = YES;
				CLANG_ANALYZER_NUMBER_OBJECT_CONVERSION = YES_AGGRESSIVE;
				CLANG_CXX_LANGUAGE_STANDARD = "gnu++20";
				CLANG_ENABLE_MODULES = YES;
				CLANG_ENABLE_OBJC_ARC = YES;
				CLANG_ENABLE_OBJC_WEAK = YES;
				CLANG_WARN_BLOCK_CAPTURE_AUTORELEASING = YES;
				CLANG_WARN_BOOL_CONVERSION = YES;
				CLANG_WARN_COMMA = YES;
				CLANG_WARN_CONSTANT_CONVERSION = YES;
				CLANG_WARN_DEPRECATED_OBJC_IMPLEMENTATIONS = YES;
				CLANG_WARN_DIRECT_OBJC_ISA_USAGE = YES_ERROR;
				CLANG_WARN_DOCUMENTATION_COMMENTS = YES;
				CLANG_WARN_EMPTY_BODY = YES;
				CLANG_WARN_ENUM_CONVERSION = YES;
				CLANG_WARN_INFINITE_RECURSION = YES;
				CLANG_WARN_INT_CONVERSION = YES;
				CLANG_WARN_NON_LITERAL_NULL_CONVERSION = YES;
				CLANG_WARN_OBJC_IMPLICIT_RETAIN_SELF = YES;
				CLANG_WARN_OBJC_LITERAL_CONVERSION = YES;
				CLANG_WARN_OBJC_ROOT_CLASS = YES_ERROR;
				CLANG_WARN_QUOTED_INCLUDE_IN_FRAMEWORK_HEADER = YES;
				CLANG_WARN_RANGE_LOOP_ANALYSIS = YES;
				CLANG_WARN_STRICT_PROTOTYPES = YES;
				CLANG_WARN_SUSPICIOUS_MOVE = YES;
				CLANG_WARN_UNGUARDED_AVAILABILITY = YES_AGGRESSIVE;
				CLANG_WARN_UNREACHABLE_CODE = YES;
				CLANG_WARN__DUPLICATE_METHOD_MATCH = YES;
				COPY_PHASE_STRIP = NO;
				DEBUG_INFORMATION_FORMAT = "dwarf-with-dsym";
				ENABLE_NS_ASSERTIONS = NO;
				ENABLE_STRICT_OBJC_MSGSEND = YES;
				GCC_C_LANGUAGE_STANDARD = gnu11;
				GCC_NO_COMMON_BLOCKS = YES;
				GCC_WARN_64_TO_32_BIT_CONVERSION = YES;
				GCC_WARN_ABOUT_RETURN_TYPE = YES_ERROR;
				GCC_WARN_UNDECLARED_SELECTOR = YES;
				GCC_WARN_UNINITIALIZED_AUTOS = YES_AGGRESSIVE;
				GCC_WARN_UNUSED_FUNCTION = YES;
				GCC_WARN_UNUSED_VARIABLE = YES;
				MACOSX_DEPLOYMENT_TARGET = 13.0;
				MTL_ENABLE_DEBUG_INFO = NO;
				MTL_FAST_MATH = YES;
				SDKROOT = macosx;
				SWIFT_COMPILATION_MODE = wholemodule;
				SWIFT_OPTIMIZATION_LEVEL = "-O";
			};
			name = Release;
		};
		D85BE81E289135550099C2FE /* Debug */ = {
			isa = XCBuildConfiguration;
			buildSettings = {
				ASSETCATALOG_COMPILER_APPICON_NAME = AppIcon;
				ASSETCATALOG_COMPILER_GLOBAL_ACCENT_COLOR_NAME = AccentColor;
				CODE_SIGN_ENTITLEMENTS = Locate/Locate.entitlements;
				CODE_SIGN_STYLE = Automatic;
				COMBINE_HIDPI_IMAGES = YES;
				CURRENT_PROJECT_VERSION = 1;
				DEVELOPMENT_ASSET_PATHS = "\"Locate/Preview Content\"";
				ENABLE_PREVIEWS = YES;
				GENERATE_INFOPLIST_FILE = YES;
				INFOPLIST_FILE = "Locate-Info.plist";
				INFOPLIST_KEY_CFBundleDisplayName = Locate;
				INFOPLIST_KEY_LSApplicationCategoryType = "public.app-category.productivity";
				INFOPLIST_KEY_NSHumanReadableCopyright = "";
				INFOPLIST_KEY_NSLocationAlwaysAndWhenInUseUsageDescription = "We need location to do things.";
				INFOPLIST_KEY_NSLocationWhenInUseUsageDescription = "We need location to do things.";
				LD_RUNPATH_SEARCH_PATHS = (
					"$(inherited)",
					"@executable_path/../Frameworks",
				);
				MARKETING_VERSION = 1.0;
				PRODUCT_BUNDLE_IDENTIFIER = uk.co.inseven.locate;
				PRODUCT_NAME = "$(TARGET_NAME)";
				SWIFT_EMIT_LOC_STRINGS = YES;
				SWIFT_VERSION = 5.0;
			};
			name = Debug;
		};
		D85BE81F289135550099C2FE /* Release */ = {
			isa = XCBuildConfiguration;
			buildSettings = {
				ASSETCATALOG_COMPILER_APPICON_NAME = AppIcon;
				ASSETCATALOG_COMPILER_GLOBAL_ACCENT_COLOR_NAME = AccentColor;
				CODE_SIGN_ENTITLEMENTS = Locate/Locate.entitlements;
				CODE_SIGN_STYLE = Automatic;
				COMBINE_HIDPI_IMAGES = YES;
				CURRENT_PROJECT_VERSION = 1;
				DEVELOPMENT_ASSET_PATHS = "\"Locate/Preview Content\"";
				ENABLE_PREVIEWS = YES;
				GENERATE_INFOPLIST_FILE = YES;
				INFOPLIST_FILE = "Locate-Info.plist";
				INFOPLIST_KEY_CFBundleDisplayName = Locate;
				INFOPLIST_KEY_LSApplicationCategoryType = "public.app-category.productivity";
				INFOPLIST_KEY_NSHumanReadableCopyright = "";
				INFOPLIST_KEY_NSLocationAlwaysAndWhenInUseUsageDescription = "We need location to do things.";
				INFOPLIST_KEY_NSLocationWhenInUseUsageDescription = "We need location to do things.";
				LD_RUNPATH_SEARCH_PATHS = (
					"$(inherited)",
					"@executable_path/../Frameworks",
				);
				MARKETING_VERSION = 1.0;
				PRODUCT_BUNDLE_IDENTIFIER = uk.co.inseven.locate;
				PRODUCT_NAME = "$(TARGET_NAME)";
				SWIFT_EMIT_LOC_STRINGS = YES;
				SWIFT_VERSION = 5.0;
			};
			name = Release;
		};
		D85BE821289135550099C2FE /* Debug */ = {
			isa = XCBuildConfiguration;
			buildSettings = {
				ALWAYS_EMBED_SWIFT_STANDARD_LIBRARIES = YES;
				BUNDLE_LOADER = "$(TEST_HOST)";
				CODE_SIGN_STYLE = Automatic;
				CURRENT_PROJECT_VERSION = 1;
				GENERATE_INFOPLIST_FILE = YES;
				MACOSX_DEPLOYMENT_TARGET = 13.0;
				MARKETING_VERSION = 1.0;
				PRODUCT_BUNDLE_IDENTIFIER = uk.co.inseven.locate.LocateTests;
				PRODUCT_NAME = "$(TARGET_NAME)";
				SWIFT_EMIT_LOC_STRINGS = NO;
				SWIFT_VERSION = 5.0;
				TEST_HOST = "$(BUILT_PRODUCTS_DIR)/Locate.app/$(BUNDLE_EXECUTABLE_FOLDER_PATH)/Locate";
			};
			name = Debug;
		};
		D85BE822289135550099C2FE /* Release */ = {
			isa = XCBuildConfiguration;
			buildSettings = {
				ALWAYS_EMBED_SWIFT_STANDARD_LIBRARIES = YES;
				BUNDLE_LOADER = "$(TEST_HOST)";
				CODE_SIGN_STYLE = Automatic;
				CURRENT_PROJECT_VERSION = 1;
				GENERATE_INFOPLIST_FILE = YES;
				MACOSX_DEPLOYMENT_TARGET = 13.0;
				MARKETING_VERSION = 1.0;
				PRODUCT_BUNDLE_IDENTIFIER = uk.co.inseven.locate.LocateTests;
				PRODUCT_NAME = "$(TARGET_NAME)";
				SWIFT_EMIT_LOC_STRINGS = NO;
				SWIFT_VERSION = 5.0;
				TEST_HOST = "$(BUILT_PRODUCTS_DIR)/Locate.app/$(BUNDLE_EXECUTABLE_FOLDER_PATH)/Locate";
			};
			name = Release;
		};
		D85BE824289135550099C2FE /* Debug */ = {
			isa = XCBuildConfiguration;
			buildSettings = {
				ALWAYS_EMBED_SWIFT_STANDARD_LIBRARIES = YES;
				CODE_SIGN_STYLE = Automatic;
				CURRENT_PROJECT_VERSION = 1;
				GENERATE_INFOPLIST_FILE = YES;
				MARKETING_VERSION = 1.0;
				PRODUCT_BUNDLE_IDENTIFIER = uk.co.inseven.locate.LocateUITests;
				PRODUCT_NAME = "$(TARGET_NAME)";
				SWIFT_EMIT_LOC_STRINGS = NO;
				SWIFT_VERSION = 5.0;
				TEST_TARGET_NAME = Locate;
			};
			name = Debug;
		};
		D85BE825289135550099C2FE /* Release */ = {
			isa = XCBuildConfiguration;
			buildSettings = {
				ALWAYS_EMBED_SWIFT_STANDARD_LIBRARIES = YES;
				CODE_SIGN_STYLE = Automatic;
				CURRENT_PROJECT_VERSION = 1;
				GENERATE_INFOPLIST_FILE = YES;
				MARKETING_VERSION = 1.0;
				PRODUCT_BUNDLE_IDENTIFIER = uk.co.inseven.locate.LocateUITests;
				PRODUCT_NAME = "$(TARGET_NAME)";
				SWIFT_EMIT_LOC_STRINGS = NO;
				SWIFT_VERSION = 5.0;
				TEST_TARGET_NAME = Locate;
			};
			name = Release;
		};
/* End XCBuildConfiguration section */

/* Begin XCConfigurationList section */
		D85BE7F32891354F0099C2FE /* Build configuration list for PBXProject "Locate" */ = {
			isa = XCConfigurationList;
			buildConfigurations = (
				D85BE81B289135550099C2FE /* Debug */,
				D85BE81C289135550099C2FE /* Release */,
			);
			defaultConfigurationIsVisible = 0;
			defaultConfigurationName = Release;
		};
		D85BE81D289135550099C2FE /* Build configuration list for PBXNativeTarget "Locate" */ = {
			isa = XCConfigurationList;
			buildConfigurations = (
				D85BE81E289135550099C2FE /* Debug */,
				D85BE81F289135550099C2FE /* Release */,
			);
			defaultConfigurationIsVisible = 0;
			defaultConfigurationName = Release;
		};
		D85BE820289135550099C2FE /* Build configuration list for PBXNativeTarget "LocateTests" */ = {
			isa = XCConfigurationList;
			buildConfigurations = (
				D85BE821289135550099C2FE /* Debug */,
				D85BE822289135550099C2FE /* Release */,
			);
			defaultConfigurationIsVisible = 0;
			defaultConfigurationName = Release;
		};
		D85BE823289135550099C2FE /* Build configuration list for PBXNativeTarget "LocateUITests" */ = {
			isa = XCConfigurationList;
			buildConfigurations = (
				D85BE824289135550099C2FE /* Debug */,
				D85BE825289135550099C2FE /* Release */,
			);
			defaultConfigurationIsVisible = 0;
			defaultConfigurationName = Release;
		};
/* End XCConfigurationList section */

/* Begin XCRemoteSwiftPackageReference section */
		D80CD4C928971ABB0051B8FC /* XCRemoteSwiftPackageReference "HashRainbow" */ = {
			isa = XCRemoteSwiftPackageReference;
			repositoryURL = "https://github.com/saramah/HashRainbow";
			requirement = {
				branch = main;
				kind = branch;
			};
		};
		D82A95012896A05000085E03 /* XCRemoteSwiftPackageReference "SwiftSoup" */ = {
			isa = XCRemoteSwiftPackageReference;
			repositoryURL = "https://github.com/scinfu/SwiftSoup.git";
			requirement = {
				kind = upToNextMajorVersion;
				minimumVersion = 2.0.0;
			};
		};
/* End XCRemoteSwiftPackageReference section */

/* Begin XCSwiftPackageProductDependency section */
		D80CD4CA28971ABB0051B8FC /* HashRainbow */ = {
			isa = XCSwiftPackageProductDependency;
			package = D80CD4C928971ABB0051B8FC /* XCRemoteSwiftPackageReference "HashRainbow" */;
			productName = HashRainbow;
		};
		D82A95022896A05000085E03 /* SwiftSoup */ = {
			isa = XCSwiftPackageProductDependency;
			package = D82A95012896A05000085E03 /* XCRemoteSwiftPackageReference "SwiftSoup" */;
			productName = SwiftSoup;
		};
		D8A0631F289FFE2D006A8904 /* Interact */ = {
			isa = XCSwiftPackageProductDependency;
			productName = Interact;
		};
		D8A0632228A001D4006A8904 /* Diligence */ = {
			isa = XCSwiftPackageProductDependency;
			productName = Diligence;
		};
/* End XCSwiftPackageProductDependency section */
	};
	rootObject = D85BE7F02891354F0099C2FE /* Project object */;
}
